
Microsoft Visual Studio Solution File, Format Version 12.00
# Visual Studio Version 17
VisualStudioVersion = 17.6.33829.357
MinimumVisualStudioVersion = 10.0.40219.1
Project("{FAE04EC0-301F-11D3-BF4B-00C04F79EFBC}") = "WpfApp1", "WpfApp1.csproj", "{2643DF1B-4420-42E1-B8BB-AF70E7F92F2E}"
EndProject
Global
	GlobalSection(SolutionConfigurationPlatforms) = preSolution
		Debug|Any CPU = Debug|Any CPU
		Release|Any CPU = Release|Any CPU
	EndGlobalSection
	GlobalSection(ProjectConfigurationPlatforms) = postSolution
		{2643DF1B-4420-42E1-B8BB-AF70E7F92F2E}.Debug|Any CPU.ActiveCfg = Debug|Any CPU
		{2643DF1B-4420-42E1-B8BB-AF70E7F92F2E}.Debug|Any CPU.Build.0 = Debug|Any CPU
		{2643DF1B-4420-42E1-B8BB-AF70E7F92F2E}.Release|Any CPU.ActiveCfg = Release|Any CPU
		{2643DF1B-4420-42E1-B8BB-AF70E7F92F2E}.Release|Any CPU.Build.0 = Release|Any CPU
	EndGlobalSection
	GlobalSection(SolutionProperties) = preSolution
		HideSolutionNode = FALSE
	EndGlobalSection
	GlobalSection(ExtensibilityGlobals) = postSolution
		SolutionGuid = {A41BF2F7-F3C2-47B5-8668-79C59E51291F}
	EndGlobalSection
EndGlobal
